
Microsoft Visual Studio Solution File, Format Version 12.00
# Visual Studio Version 17
VisualStudioVersion = 17.8.34511.84
MinimumVisualStudioVersion = 10.0.40219.1
Project("{9A19103F-16F7-4668-BE54-9A1E7A4F7556}") = "tcpserver_test", "server_test\tcpserver_test.csproj", "{06856A44-E32C-4B3B-9F64-3E892F74CA26}"
EndProject
Project("{9A19103F-16F7-4668-BE54-9A1E7A4F7556}") = "gsnet_lib", "gsnet_lib\gsnet_lib.csproj", "{13838259-A580-4968-BD59-EABDEC4880CC}"
EndProject
Project("{9A19103F-16F7-4668-BE54-9A1E7A4F7556}") = "nettyserver_test", "nettyserver_test\nettyserver_test.csproj", "{43D8279F-77C9-4D6C-9756-7BB9463DF366}"
EndProject
Global
	GlobalSection(SolutionConfigurationPlatforms) = preSolution
		Debug|Any CPU = Debug|Any CPU
		Release|Any CPU = Release|Any CPU
	EndGlobalSection
	GlobalSection(ProjectConfigurationPlatforms) = postSolution
		{06856A44-E32C-4B3B-9F64-3E892F74CA26}.Debug|Any CPU.ActiveCfg = Debug|Any CPU
		{06856A44-E32C-4B3B-9F64-3E892F74CA26}.Debug|Any CPU.Build.0 = Debug|Any CPU
		{06856A44-E32C-4B3B-9F64-3E892F74CA26}.Release|Any CPU.ActiveCfg = Release|Any CPU
		{06856A44-E32C-4B3B-9F64-3E892F74CA26}.Release|Any CPU.Build.0 = Release|Any CPU
		{13838259-A580-4968-BD59-EABDEC4880CC}.Debug|Any CPU.ActiveCfg = Debug|Any CPU
		{13838259-A580-4968-BD59-EABDEC4880CC}.Debug|Any CPU.Build.0 = Debug|Any CPU
		{13838259-A580-4968-BD59-EABDEC4880CC}.Release|Any CPU.ActiveCfg = Release|Any CPU
		{13838259-A580-4968-BD59-EABDEC4880CC}.Release|Any CPU.Build.0 = Release|Any CPU
		{43D8279F-77C9-4D6C-9756-7BB9463DF366}.Debug|Any CPU.ActiveCfg = Debug|Any CPU
		{43D8279F-77C9-4D6C-9756-7BB9463DF366}.Debug|Any CPU.Build.0 = Debug|Any CPU
		{43D8279F-77C9-4D6C-9756-7BB9463DF366}.Release|Any CPU.ActiveCfg = Release|Any CPU
		{43D8279F-77C9-4D6C-9756-7BB9463DF366}.Release|Any CPU.Build.0 = Release|Any CPU
	EndGlobalSection
	GlobalSection(SolutionProperties) = preSolution
		HideSolutionNode = FALSE
	EndGlobalSection
	GlobalSection(ExtensibilityGlobals) = postSolution
		SolutionGuid = {88B90E47-BA63-4A25-9625-4DEA0CBCBD65}
	EndGlobalSection
EndGlobal
